
Microsoft Visual Studio Solution File, Format Version 12.00
# Visual Studio Version 17
VisualStudioVersion = 17.3.32811.315
MinimumVisualStudioVersion = 10.0.40219.1
Project("{9A19103F-16F7-4668-BE54-9A1E7A4F7556}") = "Blog.Core", "Blog.Core\Blog.Core.csproj", "{44435345-1E35-49BF-97DD-11E49E8F709D}"
EndProject
Project("{9A19103F-16F7-4668-BE54-9A1E7A4F7556}") = "Blog.Repository", "Blog.Repository\Blog.Repository.csproj", "{17606A6D-D3FE-4BBC-AE7B-228F6DB465E2}"
EndProject
Project("{9A19103F-16F7-4668-BE54-9A1E7A4F7556}") = "Blog.Service", "Blog.Service\Blog.Service.csproj", "{115724C7-CD59-4070-B32C-3EDEF70D43C8}"
EndProject
Project("{9A19103F-16F7-4668-BE54-9A1E7A4F7556}") = "Blog.API", "Blog.API\Blog.API.csproj", "{9BA1EBB3-634E-4658-ADA0-02335C17DB77}"
EndProject
Project("{9A19103F-16F7-4668-BE54-9A1E7A4F7556}") = "Blog.Web", "Blog.Web\Blog.Web.csproj", "{9D5F3AA2-3BDB-4296-ABA5-907EE6B4068D}"
EndProject
Global
	GlobalSection(SolutionConfigurationPlatforms) = preSolution
		Debug|Any CPU = Debug|Any CPU
		Release|Any CPU = Release|Any CPU
	EndGlobalSection
	GlobalSection(ProjectConfigurationPlatforms) = postSolution
		{44435345-1E35-49BF-97DD-11E49E8F709D}.Debug|Any CPU.ActiveCfg = Debug|Any CPU
		{44435345-1E35-49BF-97DD-11E49E8F709D}.Debug|Any CPU.Build.0 = Debug|Any CPU
		{44435345-1E35-49BF-97DD-11E49E8F709D}.Release|Any CPU.ActiveCfg = Release|Any CPU
		{44435345-1E35-49BF-97DD-11E49E8F709D}.Release|Any CPU.Build.0 = Release|Any CPU
		{17606A6D-D3FE-4BBC-AE7B-228F6DB465E2}.Debug|Any CPU.ActiveCfg = Debug|Any CPU
		{17606A6D-D3FE-4BBC-AE7B-228F6DB465E2}.Debug|Any CPU.Build.0 = Debug|Any CPU
		{17606A6D-D3FE-4BBC-AE7B-228F6DB465E2}.Release|Any CPU.ActiveCfg = Release|Any CPU
		{17606A6D-D3FE-4BBC-AE7B-228F6DB465E2}.Release|Any CPU.Build.0 = Release|Any CPU
		{115724C7-CD59-4070-B32C-3EDEF70D43C8}.Debug|Any CPU.ActiveCfg = Debug|Any CPU
		{115724C7-CD59-4070-B32C-3EDEF70D43C8}.Debug|Any CPU.Build.0 = Debug|Any CPU
		{115724C7-CD59-4070-B32C-3EDEF70D43C8}.Release|Any CPU.ActiveCfg = Release|Any CPU
		{115724C7-CD59-4070-B32C-3EDEF70D43C8}.Release|Any CPU.Build.0 = Release|Any CPU
		{9BA1EBB3-634E-4658-ADA0-02335C17DB77}.Debug|Any CPU.ActiveCfg = Debug|Any CPU
		{9BA1EBB3-634E-4658-ADA0-02335C17DB77}.Debug|Any CPU.Build.0 = Debug|Any CPU
		{9BA1EBB3-634E-4658-ADA0-02335C17DB77}.Release|Any CPU.ActiveCfg = Release|Any CPU
		{9BA1EBB3-634E-4658-ADA0-02335C17DB77}.Release|Any CPU.Build.0 = Release|Any CPU
		{9D5F3AA2-3BDB-4296-ABA5-907EE6B4068D}.Debug|Any CPU.ActiveCfg = Debug|Any CPU
		{9D5F3AA2-3BDB-4296-ABA5-907EE6B4068D}.Debug|Any CPU.Build.0 = Debug|Any CPU
		{9D5F3AA2-3BDB-4296-ABA5-907EE6B4068D}.Release|Any CPU.ActiveCfg = Release|Any CPU
		{9D5F3AA2-3BDB-4296-ABA5-907EE6B4068D}.Release|Any CPU.Build.0 = Release|Any CPU
	EndGlobalSection
	GlobalSection(SolutionProperties) = preSolution
		HideSolutionNode = FALSE
	EndGlobalSection
	GlobalSection(ExtensibilityGlobals) = postSolution
		SolutionGuid = {9B39001F-A310-47FA-96A7-2B80314A7650}
	EndGlobalSection
EndGlobal
